# This file is automatically @generated by Cargo.
# It is not intended for manual editing.
version = 4

[[package]]
name = "pq-core"
version = "0.1.0"

[[package]]
name = "pq-experiments"
version = "0.1.0"
dependencies = [
 "pq-core",
 "pq-net",
 "pq-pcs",
 "pq-piop-plonkish",
 "pq-piop-r1cs",
 "pq-transcript",
]

[[package]]
name = "pq-net"
version = "0.1.0"
dependencies = [
 "pq-core",
 "pq-pcs",
]

[[package]]
name = "pq-pcs"
version = "0.1.0"
dependencies = [
 "pq-core",
 "pq-transcript",
]

[[package]]
name = "pq-piop-plonkish"
version = "0.1.0"
dependencies = [
 "pq-core",
 "pq-pcs",
 "pq-sumcheck",
 "pq-transcript",
]

[[package]]
name = "pq-piop-r1cs"
version = "0.1.0"
dependencies = [
 "pq-core",
 "pq-pcs",
 "pq-sumcheck",
 "pq-transcript",
]

[[package]]
name = "pq-sumcheck"
version = "0.1.0"
dependencies = [
 "pq-core",
 "pq-transcript",
]

[[package]]
name = "pq-transcript"
version = "0.1.0"
dependencies = [
 "pq-core",
]
